/mnt/fass1/kirsten/classification/centrifuge/default/promethion367_default.centrifuge.kreport
/mnt/fass1/kirsten/classification/kraken2/default/gridion364_default.kraken2.classification
/mnt/fass1/kirsten/classification/kraken2/default/gridion364_default.kraken2.report
/mnt/fass1/kirsten/classification/kraken2/default/gridion364_default.kraken2.unclassified
/mnt/fass1/kirsten/classification/centrifuge/default/promethion365_default.centrifuge.classification
/mnt/fass1/kirsten/classification/centrifuge/default/promethion365_default.centrifuge.report
/mnt/fass1/kirsten/classification/centrifuge/default/gridion366_default.centrifuge.kreport
/mnt/fass1/kirsten/classification/centrifuge/default/promethion367_default.centrifuge.classification
/mnt/fass1/kirsten/classification/centrifuge/default/promethion367_default.centrifuge.report
/mnt/fass1/kirsten/classification/centrifuge/default/promethion365_default.centrifuge.kreport
/mnt/fass1/kirsten/classification/centrifuge/default/gridion364_default.centrifuge.classification
/mnt/fass1/kirsten/classification/centrifuge/default/gridion364_default.centrifuge.report
/mnt/fass1/kirsten/classification/kraken2/default/promethion367_default.kraken2.classification
/mnt/fass1/kirsten/classification/kraken2/default/promethion367_default.kraken2.report
/mnt/fass1/kirsten/classification/kraken2/default/promethion367_default.kraken2.unclassified
/mnt/fass1/kirsten/classification/kraken2/default/gridion366_default.kraken2.classification
/mnt/fass1/kirsten/classification/kraken2/default/gridion366_default.kraken2.report
/mnt/fass1/kirsten/classification/kraken2/default/gridion366_default.kraken2.unclassified
/mnt/fass1/kirsten/classification/kraken2/default/promethion365_default.kraken2.classification
/mnt/fass1/kirsten/classification/kraken2/default/promethion365_default.kraken2.report
/mnt/fass1/kirsten/classification/kraken2/default/promethion365_default.kraken2.unclassified
/mnt/fass1/kirsten/classification/centrifuge/default/gridion366_default.centrifuge.classification
/mnt/fass1/kirsten/classification/centrifuge/default/gridion366_default.centrifuge.report
/mnt/fass1/kirsten/classification/centrifuge/default/gridion364_default.centrifuge.kreport
